
Microsoft Visual Studio Solution File, Format Version 12.00
# Visual Studio Version 16
VisualStudioVersion = 16.0.28621.142
MinimumVisualStudioVersion = 10.0.40219.1
Project("{8BC9CEB8-8B4A-11D0-8D11-00A0C91BC942}") = "HavokMax", "HavokMax.vcxproj", "{6671F0BA-6FB8-4F35-8392-0676D05113A8}"
	ProjectSection(ProjectDependencies) = postProject
		{FFCA4C01-B4D8-46B2-8224-8D210C11B3CD} = {FFCA4C01-B4D8-46B2-8224-8D210C11B3CD}
	EndProjectSection
EndProject
Project("{8BC9CEB8-8B4A-11D0-8D11-00A0C91BC942}") = "HavokLib", "3rd_party\HavokLib\HavokLib.vcxproj", "{FFCA4C01-B4D8-46B2-8224-8D210C11B3CD}"
EndProject
Global
	GlobalSection(SolutionConfigurationPlatforms) = preSolution
		2010|x64 = 2010|x64
		2010|x86 = 2010|x86
		2011|x64 = 2011|x64
		2011|x86 = 2011|x86
		2012|x64 = 2012|x64
		2012|x86 = 2012|x86
		2013|x64 = 2013|x64
		2013|x86 = 2013|x86
		2014|x64 = 2014|x64
		2014|x86 = 2014|x86
		2015|x64 = 2015|x64
		2015|x86 = 2015|x86
		2016|x64 = 2016|x64
		2016|x86 = 2016|x86
		2017|x64 = 2017|x64
		2017|x86 = 2017|x86
		2018|x64 = 2018|x64
		2018|x86 = 2018|x86
		2019|x64 = 2019|x64
		2019|x86 = 2019|x86
		Debug|x64 = Debug|x64
		Debug|x86 = Debug|x86
		Release|x64 = Release|x64
		Release|x86 = Release|x86
	EndGlobalSection
	GlobalSection(ProjectConfigurationPlatforms) = postSolution
		{6671F0BA-6FB8-4F35-8392-0676D05113A8}.2010|x64.ActiveCfg = 2010|x64
		{6671F0BA-6FB8-4F35-8392-0676D05113A8}.2010|x64.Build.0 = 2010|x64
		{6671F0BA-6FB8-4F35-8392-0676D05113A8}.2010|x86.ActiveCfg = 2010|Win32
		{6671F0BA-6FB8-4F35-8392-0676D05113A8}.2010|x86.Build.0 = 2010|Win32
		{6671F0BA-6FB8-4F35-8392-0676D05113A8}.2011|x64.ActiveCfg = 2011|x64
		{6671F0BA-6FB8-4F35-8392-0676D05113A8}.2011|x64.Build.0 = 2011|x64
		{6671F0BA-6FB8-4F35-8392-0676D05113A8}.2011|x86.ActiveCfg = 2011|Win32
		{6671F0BA-6FB8-4F35-8392-0676D05113A8}.2011|x86.Build.0 = 2011|Win32
		{6671F0BA-6FB8-4F35-8392-0676D05113A8}.2012|x64.ActiveCfg = 2012|x64
		{6671F0BA-6FB8-4F35-8392-0676D05113A8}.2012|x64.Build.0 = 2012|x64
		{6671F0BA-6FB8-4F35-8392-0676D05113A8}.2012|x86.ActiveCfg = 2012|Win32
		{6671F0BA-6FB8-4F35-8392-0676D05113A8}.2012|x86.Build.0 = 2012|Win32
		{6671F0BA-6FB8-4F35-8392-0676D05113A8}.2013|x64.ActiveCfg = 2013|x64
		{6671F0BA-6FB8-4F35-8392-0676D05113A8}.2013|x64.Build.0 = 2013|x64
		{6671F0BA-6FB8-4F35-8392-0676D05113A8}.2013|x86.ActiveCfg = 2013|Win32
		{6671F0BA-6FB8-4F35-8392-0676D05113A8}.2013|x86.Build.0 = 2013|Win32
		{6671F0BA-6FB8-4F35-8392-0676D05113A8}.2014|x64.ActiveCfg = 2014|x64
		{6671F0BA-6FB8-4F35-8392-0676D05113A8}.2014|x64.Build.0 = 2014|x64
		{6671F0BA-6FB8-4F35-8392-0676D05113A8}.2014|x86.ActiveCfg = 2014|x64
		{6671F0BA-6FB8-4F35-8392-0676D05113A8}.2014|x86.Build.0 = 2014|x64
		{6671F0BA-6FB8-4F35-8392-0676D05113A8}.2015|x64.ActiveCfg = 2015|x64
		{6671F0BA-6FB8-4F35-8392-0676D05113A8}.2015|x64.Build.0 = 2015|x64
		{6671F0BA-6FB8-4F35-8392-0676D05113A8}.2015|x86.ActiveCfg = 2015|x64
		{6671F0BA-6FB8-4F35-8392-0676D05113A8}.2015|x86.Build.0 = 2015|x64
		{6671F0BA-6FB8-4F35-8392-0676D05113A8}.2016|x64.ActiveCfg = 2016|x64
		{6671F0BA-6FB8-4F35-8392-0676D05113A8}.2016|x64.Build.0 = 2016|x64
		{6671F0BA-6FB8-4F35-8392-0676D05113A8}.2016|x86.ActiveCfg = 2016|x64
		{6671F0BA-6FB8-4F35-8392-0676D05113A8}.2016|x86.Build.0 = 2016|x64
		{6671F0BA-6FB8-4F35-8392-0676D05113A8}.2017|x64.ActiveCfg = 2017|x64
		{6671F0BA-6FB8-4F35-8392-0676D05113A8}.2017|x64.Build.0 = 2017|x64
		{6671F0BA-6FB8-4F35-8392-0676D05113A8}.2017|x86.ActiveCfg = 2017|x64
		{6671F0BA-6FB8-4F35-8392-0676D05113A8}.2017|x86.Build.0 = 2017|x64
		{6671F0BA-6FB8-4F35-8392-0676D05113A8}.2018|x64.ActiveCfg = 2018|x64
		{6671F0BA-6FB8-4F35-8392-0676D05113A8}.2018|x64.Build.0 = 2018|x64
		{6671F0BA-6FB8-4F35-8392-0676D05113A8}.2018|x86.ActiveCfg = 2018|x64
		{6671F0BA-6FB8-4F35-8392-0676D05113A8}.2018|x86.Build.0 = 2018|x64
		{6671F0BA-6FB8-4F35-8392-0676D05113A8}.2019|x64.ActiveCfg = 2019|x64
		{6671F0BA-6FB8-4F35-8392-0676D05113A8}.2019|x64.Build.0 = 2019|x64
		{6671F0BA-6FB8-4F35-8392-0676D05113A8}.2019|x86.ActiveCfg = 2019|x64
		{6671F0BA-6FB8-4F35-8392-0676D05113A8}.2019|x86.Build.0 = 2019|x64
		{6671F0BA-6FB8-4F35-8392-0676D05113A8}.Debug|x64.ActiveCfg = 2017|x64
		{6671F0BA-6FB8-4F35-8392-0676D05113A8}.Debug|x64.Build.0 = 2017|x64
		{6671F0BA-6FB8-4F35-8392-0676D05113A8}.Debug|x86.ActiveCfg = 2017|x64
		{6671F0BA-6FB8-4F35-8392-0676D05113A8}.Debug|x86.Build.0 = 2017|x64
		{6671F0BA-6FB8-4F35-8392-0676D05113A8}.Release|x64.ActiveCfg = 2017|x64
		{6671F0BA-6FB8-4F35-8392-0676D05113A8}.Release|x64.Build.0 = 2017|x64
		{6671F0BA-6FB8-4F35-8392-0676D05113A8}.Release|x86.ActiveCfg = 2017|x64
		{FFCA4C01-B4D8-46B2-8224-8D210C11B3CD}.2010|x64.ActiveCfg = Release|x64
		{FFCA4C01-B4D8-46B2-8224-8D210C11B3CD}.2010|x64.Build.0 = Release|x64
		{FFCA4C01-B4D8-46B2-8224-8D210C11B3CD}.2010|x86.ActiveCfg = Release|Win32
		{FFCA4C01-B4D8-46B2-8224-8D210C11B3CD}.2010|x86.Build.0 = Release|Win32
		{FFCA4C01-B4D8-46B2-8224-8D210C11B3CD}.2011|x64.ActiveCfg = Release|x64
		{FFCA4C01-B4D8-46B2-8224-8D210C11B3CD}.2011|x64.Build.0 = Release|x64
		{FFCA4C01-B4D8-46B2-8224-8D210C11B3CD}.2011|x86.ActiveCfg = Release|Win32
		{FFCA4C01-B4D8-46B2-8224-8D210C11B3CD}.2011|x86.Build.0 = Release|Win32
		{FFCA4C01-B4D8-46B2-8224-8D210C11B3CD}.2012|x64.ActiveCfg = Release|x64
		{FFCA4C01-B4D8-46B2-8224-8D210C11B3CD}.2012|x64.Build.0 = Release|x64
		{FFCA4C01-B4D8-46B2-8224-8D210C11B3CD}.2012|x86.ActiveCfg = Release|Win32
		{FFCA4C01-B4D8-46B2-8224-8D210C11B3CD}.2012|x86.Build.0 = Release|Win32
		{FFCA4C01-B4D8-46B2-8224-8D210C11B3CD}.2013|x64.ActiveCfg = Release|x64
		{FFCA4C01-B4D8-46B2-8224-8D210C11B3CD}.2013|x64.Build.0 = Release|x64
		{FFCA4C01-B4D8-46B2-8224-8D210C11B3CD}.2013|x86.ActiveCfg = Release|Win32
		{FFCA4C01-B4D8-46B2-8224-8D210C11B3CD}.2013|x86.Build.0 = Release|Win32
		{FFCA4C01-B4D8-46B2-8224-8D210C11B3CD}.2014|x64.ActiveCfg = Release|x64
		{FFCA4C01-B4D8-46B2-8224-8D210C11B3CD}.2014|x64.Build.0 = Release|x64
		{FFCA4C01-B4D8-46B2-8224-8D210C11B3CD}.2014|x86.ActiveCfg = Release|x64
		{FFCA4C01-B4D8-46B2-8224-8D210C11B3CD}.2014|x86.Build.0 = Release|x64
		{FFCA4C01-B4D8-46B2-8224-8D210C11B3CD}.2015|x64.ActiveCfg = Release|x64
		{FFCA4C01-B4D8-46B2-8224-8D210C11B3CD}.2015|x64.Build.0 = Release|x64
		{FFCA4C01-B4D8-46B2-8224-8D210C11B3CD}.2015|x86.ActiveCfg = Release|x64
		{FFCA4C01-B4D8-46B2-8224-8D210C11B3CD}.2015|x86.Build.0 = Release|x64
		{FFCA4C01-B4D8-46B2-8224-8D210C11B3CD}.2016|x64.ActiveCfg = Release|x64
		{FFCA4C01-B4D8-46B2-8224-8D210C11B3CD}.2016|x64.Build.0 = Release|x64
		{FFCA4C01-B4D8-46B2-8224-8D210C11B3CD}.2016|x86.ActiveCfg = Release|x64
		{FFCA4C01-B4D8-46B2-8224-8D210C11B3CD}.2016|x86.Build.0 = Release|x64
		{FFCA4C01-B4D8-46B2-8224-8D210C11B3CD}.2017|x64.ActiveCfg = Release|x64
		{FFCA4C01-B4D8-46B2-8224-8D210C11B3CD}.2017|x64.Build.0 = Release|x64
		{FFCA4C01-B4D8-46B2-8224-8D210C11B3CD}.2017|x86.ActiveCfg = Release|x64
		{FFCA4C01-B4D8-46B2-8224-8D210C11B3CD}.2017|x86.Build.0 = Release|x64
		{FFCA4C01-B4D8-46B2-8224-8D210C11B3CD}.2018|x64.ActiveCfg = Release|x64
		{FFCA4C01-B4D8-46B2-8224-8D210C11B3CD}.2018|x64.Build.0 = Release|x64
		{FFCA4C01-B4D8-46B2-8224-8D210C11B3CD}.2018|x86.ActiveCfg = Release|x64
		{FFCA4C01-B4D8-46B2-8224-8D210C11B3CD}.2018|x86.Build.0 = Release|x64
		{FFCA4C01-B4D8-46B2-8224-8D210C11B3CD}.2019|x64.ActiveCfg = Release|x64
		{FFCA4C01-B4D8-46B2-8224-8D210C11B3CD}.2019|x64.Build.0 = Release|x64
		{FFCA4C01-B4D8-46B2-8224-8D210C11B3CD}.2019|x86.ActiveCfg = Release|x64
		{FFCA4C01-B4D8-46B2-8224-8D210C11B3CD}.2019|x86.Build.0 = Release|x64
		{FFCA4C01-B4D8-46B2-8224-8D210C11B3CD}.Debug|x64.ActiveCfg = Release|x64
		{FFCA4C01-B4D8-46B2-8224-8D210C11B3CD}.Debug|x64.Build.0 = Release|x64
		{FFCA4C01-B4D8-46B2-8224-8D210C11B3CD}.Debug|x86.ActiveCfg = Release|x64
		{FFCA4C01-B4D8-46B2-8224-8D210C11B3CD}.Debug|x86.Build.0 = Release|x64
		{FFCA4C01-B4D8-46B2-8224-8D210C11B3CD}.Release|x64.ActiveCfg = Release|x64
		{FFCA4C01-B4D8-46B2-8224-8D210C11B3CD}.Release|x64.Build.0 = Release|x64
		{FFCA4C01-B4D8-46B2-8224-8D210C11B3CD}.Release|x86.ActiveCfg = Release|x64
		{FFCA4C01-B4D8-46B2-8224-8D210C11B3CD}.Release|x86.Build.0 = Release|x64
	EndGlobalSection
	GlobalSection(SolutionProperties) = preSolution
		HideSolutionNode = FALSE
	EndGlobalSection
	GlobalSection(ExtensibilityGlobals) = postSolution
		SolutionGuid = {B7EA78DE-3D52-4FA9-B4DC-60EE12D72115}
	EndGlobalSection
EndGlobal
