<?xml version="1.0" encoding="utf-8"?>
<Project ToolsVersion="4.0" xmlns="http://schemas.microsoft.com/developer/msbuild/2003">
  <ItemGroup>
    <Filter Include="Source Files">
      <UniqueIdentifier>{fbad0f2d-faaa-4b0b-865c-583fac8ddcb1}</UniqueIdentifier>
      <Extensions>cpp;c;cxx;rc;def;r;odl;idl;hpj;bat</Extensions>
    </Filter>
    <Filter Include="Header Files">
      <UniqueIdentifier>{92f20462-242f-4a0c-883e-b3c33819b84b}</UniqueIdentifier>
      <Extensions>h;hpp;hxx;hm;inl</Extensions>
    </Filter>
    <Filter Include="Resource Files">
      <UniqueIdentifier>{ad6e765e-4300-41dc-b185-05b019286785}</UniqueIdentifier>
      <Extensions>ico;cur;bmp;dlg;rc2;rct;bin;rgs;gif;jpg;jpeg;jpe</Extensions>
    </Filter>
  </ItemGroup>
  <ItemGroup>
    <ClCompile Include="3rd_party\HavokLib\3rd_party\PreCore\datas\esString.cpp">
      <Filter>Source Files</Filter>
    </ClCompile>
    <ClCompile Include="src\HavokMax.cpp">
      <Filter>Source Files</Filter>
    </ClCompile>
    <ClCompile Include="src\HavokImport.cpp">
      <Filter>Source Files</Filter>
    </ClCompile>
    <ClCompile Include="src\HavokExport.cpp">
      <Filter>Source Files</Filter>
    </ClCompile>
    <ClCompile Include="src\DllEntry.cpp">
      <Filter>Source Files</Filter>
    </ClCompile>
  </ItemGroup>
  <ItemGroup>
    <ResourceCompile Include="3rd_party\HavokLib\3rd_party\PreCore\MAXex\win\About.rc">
      <Filter>Resource Files</Filter>
    </ResourceCompile>
    <ResourceCompile Include="src\HavokMax.rc">
      <Filter>Resource Files</Filter>
    </ResourceCompile>
  </ItemGroup>
  <ItemGroup>
    <ClInclude Include="src\HavokMax.h">
      <Filter>Header Files</Filter>
    </ClInclude>
    <ClInclude Include="src\resource.h">
      <Filter>Header Files</Filter>
    </ClInclude>
  </ItemGroup>
  <ItemGroup>
    <Image Include="src\sanityBulbs.bmp">
      <Filter>Resource Files</Filter>
    </Image>
    <Image Include="src\axis.bmp">
      <Filter>Resource Files</Filter>
    </Image>
    <Image Include="src\error.bmp">
      <Filter>Resource Files</Filter>
    </Image>
  </ItemGroup>
</Project>